// !$*UTF8*$!
{
	archiveVersion = 1;
	classes = {
	};
	objectVersion = 55;
	objects = {

/* Begin PBXBuildFile section */
		206E655E2820033D00BC4921 /* AppDelegate.swift in Sources */ = {isa = PBXBuildFile; fileRef = 206E655D2820033D00BC4921 /* AppDelegate.swift */; };
		206E65602820033D00BC4921 /* SceneDelegate.swift in Sources */ = {isa = PBXBuildFile; fileRef = 206E655F2820033D00BC4921 /* SceneDelegate.swift */; };
		206E65622820033D00BC4921 /* ViewController.swift in Sources */ = {isa = PBXBuildFile; fileRef = 206E65612820033D00BC4921 /* ViewController.swift */; };
		206E65652820033D00BC4921 /* Main.storyboard in Resources */ = {isa = PBXBuildFile; fileRef = 206E65632820033D00BC4921 /* Main.storyboard */; };
		206E65672820033F00BC4921 /* Assets.xcassets in Resources */ = {isa = PBXBuildFile; fileRef = 206E65662820033F00BC4921 /* Assets.xcassets */; };
		206E656A2820033F00BC4921 /* LaunchScreen.storyboard in Resources */ = {isa = PBXBuildFile; fileRef = 206E65682820033F00BC4921 /* LaunchScreen.storyboard */; };
		206E6572282010B000BC4921 /* HoursTableViewController.swift in Sources */ = {isa = PBXBuildFile; fileRef = 206E6571282010B000BC4921 /* HoursTableViewController.swift */; };
		206E65742820427F00BC4921 /* Hour.swift in Sources */ = {isa = PBXBuildFile; fileRef = 206E65732820427F00BC4921 /* Hour.swift */; };
/* End PBXBuildFile section */

/* Begin PBXFileReference section */
		206E655A2820033D00BC4921 /* DrivingHours.app */ = {isa = PBXFileReference; explicitFileType = wrapper.application; includeInIndex = 0; path = DrivingHours.app; sourceTree = BUILT_PRODUCTS_DIR; };
		206E655D2820033D00BC4921 /* AppDelegate.swift */ = {isa = PBXFileReference; lastKnownFileType = sourcecode.swift; path = AppDelegate.swift; sourceTree = "<group>"; };
		206E655F2820033D00BC4921 /* SceneDelegate.swift */ = {isa = PBXFileReference; lastKnownFileType = sourcecode.swift; path = SceneDelegate.swift; sourceTree = "<group>"; };
		206E65612820033D00BC4921 /* ViewController.swift */ = {isa = PBXFileReference; lastKnownFileType = sourcecode.swift; path = ViewController.swift; sourceTree = "<group>"; };
		206E65642820033D00BC4921 /* Base */ = {isa = PBXFileReference; lastKnownFileType = file.storyboard; name = Base; path = Base.lproj/Main.storyboard; sourceTree = "<group>"; };
		206E65662820033F00BC4921 /* Assets.xcassets */ = {isa = PBXFileReference; lastKnownFileType = folder.assetcatalog; path = Assets.xcassets; sourceTree = "<group>"; };
		206E65692820033F00BC4921 /* Base */ = {isa = PBXFileReference; lastKnownFileType = file.storyboard; name = Base; path = Base.lproj/LaunchScreen.storyboard; sourceTree = "<group>"; };
		206E656B2820033F00BC4921 /* Info.plist */ = {isa = PBXFileReference; lastKnownFileType = text.plist.xml; path = Info.plist; sourceTree = "<group>"; };
		206E6571282010B000BC4921 /* HoursTableViewController.swift */ = {isa = PBXFileReference; lastKnownFileType = sourcecode.swift; path = HoursTableViewController.swift; sourceTree = "<group>"; };
		206E65732820427F00BC4921 /* Hour.swift */ = {isa = PBXFileReference; lastKnownFileType = sourcecode.swift; path = Hour.swift; sourceTree = "<group>"; };
/* End PBXFileReference section */

/* Begin PBXFrameworksBuildPhase section */
		206E65572820033D00BC4921 /* Frameworks */ = {
			isa = PBXFrameworksBuildPhase;
			buildActionMask = 2147483647;
			files = (
			);
			runOnlyForDeploymentPostprocessing = 0;
		};
/* End PBXFrameworksBuildPhase section */

/* Begin PBXGroup section */
		206E65512820033D00BC4921 = {
			isa = PBXGroup;
			children = (
				206E655C2820033D00BC4921 /* DrivingHours */,
				206E655B2820033D00BC4921 /* Products */,
			);
			sourceTree = "<group>";
		};
		206E655B2820033D00BC4921 /* Products */ = {
			isa = PBXGroup;
			children = (
				206E655A2820033D00BC4921 /* DrivingHours.app */,
			);
			name = Products;
			sourceTree = "<group>";
		};
		206E655C2820033D00BC4921 /* DrivingHours */ = {
			isa = PBXGroup;
			children = (
				206E655D2820033D00BC4921 /* AppDelegate.swift */,
				206E655F2820033D00BC4921 /* SceneDelegate.swift */,
				206E65612820033D00BC4921 /* ViewController.swift */,
				206E65732820427F00BC4921 /* Hour.swift */,
				206E6571282010B000BC4921 /* HoursTableViewController.swift */,
				206E65632820033D00BC4921 /* Main.storyboard */,
				206E65662820033F00BC4921 /* Assets.xcassets */,
				206E65682820033F00BC4921 /* LaunchScreen.storyboard */,
				206E656B2820033F00BC4921 /* Info.plist */,
			);
			path = DrivingHours;
			sourceTree = "<group>";
		};
/* End PBXGroup section */

/* Begin PBXNativeTarget section */
		206E65592820033D00BC4921 /* DrivingHours */ = {
			isa = PBXNativeTarget;
			buildConfigurationList = 206E656E2820033F00BC4921 /* Build configuration list for PBXNativeTarget "DrivingHours" */;
			buildPhases = (
				206E65562820033D00BC4921 /* Sources */,
				206E65572820033D00BC4921 /* Frameworks */,
				206E65582820033D00BC4921 /* Resources */,
			);
			buildRules = (
			);
			dependencies = (
			);
			name = DrivingHours;
			productName = DrivingHours;
			productReference = 206E655A2820033D00BC4921 /* DrivingHours.app */;
			productType = "com.apple.product-type.application";
		};
/* End PBXNativeTarget section */

/* Begin PBXProject section */
		206E65522820033D00BC4921 /* Project object */ = {
			isa = PBXProject;
			attributes = {
				BuildIndependentTargetsInParallel = 1;
				LastSwiftUpdateCheck = 1330;
				LastUpgradeCheck = 1330;
				TargetAttributes = {
					206E65592820033D00BC4921 = {
						CreatedOnToolsVersion = 13.3;
					};
				};
			};
			buildConfigurationList = 206E65552820033D00BC4921 /* Build configuration list for PBXProject "DrivingHours" */;
			compatibilityVersion = "Xcode 13.0";
			developmentRegion = en;
			hasScannedForEncodings = 0;
			knownRegions = (
				en,
				Base,
			);
			mainGroup = 206E65512820033D00BC4921;
			productRefGroup = 206E655B2820033D00BC4921 /* Products */;
			projectDirPath = "";
			projectRoot = "";
			targets = (
				206E65592820033D00BC4921 /* DrivingHours */,
			);
		};
/* End PBXProject section */

/* Begin PBXResourcesBuildPhase section */
		206E65582820033D00BC4921 /* Resources */ = {
			isa = PBXResourcesBuildPhase;
			buildActionMask = 2147483647;
			files = (
				206E656A2820033F00BC4921 /* LaunchScreen.storyboard in Resources */,
				206E65672820033F00BC4921 /* Assets.xcassets in Resources */,
				206E65652820033D00BC4921 /* Main.storyboard in Resources */,
			);
			runOnlyForDeploymentPostprocessing = 0;
		};
/* End PBXResourcesBuildPhase section */

/* Begin PBXSourcesBuildPhase section */
		206E65562820033D00BC4921 /* Sources */ = {
			isa = PBXSourcesBuildPhase;
			buildActionMask = 2147483647;
			files = (
				206E65622820033D00BC4921 /* ViewController.swift in Sources */,
				206E65742820427F00BC4921 /* Hour.swift in Sources */,
				206E6572282010B000BC4921 /* HoursTableViewController.swift in Sources */,
				206E655E2820033D00BC4921 /* AppDelegate.swift in Sources */,
				206E65602820033D00BC4921 /* SceneDelegate.swift in Sources */,
			);
			runOnlyForDeploymentPostprocessing = 0;
		};
/* End PBXSourcesBuildPhase section */

/* Begin PBXVariantGroup section */
		206E65632820033D00BC4921 /* Main.storyboard */ = {
			isa = PBXVariantGroup;
			children = (
				206E65642820033D00BC4921 /* Base */,
			);
			name = Main.storyboard;
			sourceTree = "<group>";
		};
		206E65682820033F00BC4921 /* LaunchScreen.storyboard */ = {
			isa = PBXVariantGroup;
			children = (
				206E65692820033F00BC4921 /* Base */,
			);
			name = LaunchScreen.storyboard;
			sourceTree = "<group>";
		};
/* End PBXVariantGroup section */

/* Begin XCBuildConfiguration section */
		206E656C2820033F00BC4921 /* Debug */ = {
			isa = XCBuildConfiguration;
			buildSettings = {
				ALWAYS_SEARCH_USER_PATHS = NO;
				CLANG_ANALYZER_NONNULL = YES;
				CLANG_ANALYZER_NUMBER_OBJECT_CONVERSION = YES_AGGRESSIVE;
				CLANG_CXX_LANGUAGE_STANDARD = "gnu++17";
				CLANG_ENABLE_MODULES = YES;
				CLANG_ENABLE_OBJC_ARC = YES;
				CLANG_ENABLE_OBJC_WEAK = YES;
				CLANG_WARN_BLOCK_CAPTURE_AUTORELEASING = YES;
				CLANG_WARN_BOOL_CONVERSION = YES;
				CLANG_WARN_COMMA = YES;
				CLANG_WARN_CONSTANT_CONVERSION = YES;
				CLANG_WARN_DEPRECATED_OBJC_IMPLEMENTATIONS = YES;
				CLANG_WARN_DIRECT_OBJC_ISA_USAGE = YES_ERROR;
				CLANG_WARN_DOCUMENTATION_COMMENTS = YES;
				CLANG_WARN_EMPTY_BODY = YES;
				CLANG_WARN_ENUM_CONVERSION = YES;
				CLANG_WARN_INFINITE_RECURSION = YES;
				CLANG_WARN_INT_CONVERSION = YES;
				CLANG_WARN_NON_LITERAL_NULL_CONVERSION = YES;
				CLANG_WARN_OBJC_IMPLICIT_RETAIN_SELF = YES;
				CLANG_WARN_OBJC_LITERAL_CONVERSION = YES;
				CLANG_WARN_OBJC_ROOT_CLASS = YES_ERROR;
				CLANG_WARN_QUOTED_INCLUDE_IN_FRAMEWORK_HEADER = YES;
				CLANG_WARN_RANGE_LOOP_ANALYSIS = YES;
				CLANG_WARN_STRICT_PROTOTYPES = YES;
				CLANG_WARN_SUSPICIOUS_MOVE = YES;
				CLANG_WARN_UNGUARDED_AVAILABILITY = YES_AGGRESSIVE;
				CLANG_WARN_UNREACHABLE_CODE = YES;
				CLANG_WARN__DUPLICATE_METHOD_MATCH = YES;
				COPY_PHASE_STRIP = NO;
				DEBUG_INFORMATION_FORMAT = dwarf;
				ENABLE_STRICT_OBJC_MSGSEND = YES;
				ENABLE_TESTABILITY = YES;
				GCC_C_LANGUAGE_STANDARD = gnu11;
				GCC_DYNAMIC_NO_PIC = NO;
				GCC_NO_COMMON_BLOCKS = YES;
				GCC_OPTIMIZATION_LEVEL = 0;
				GCC_PREPROCESSOR_DEFINITIONS = (
					"DEBUG=1",
					"$(inherited)",
				);
				GCC_WARN_64_TO_32_BIT_CONVERSION = YES;
				GCC_WARN_ABOUT_RETURN_TYPE = YES_ERROR;
				GCC_WARN_UNDECLARED_SELECTOR = YES;
				GCC_WARN_UNINITIALIZED_AUTOS = YES_AGGRESSIVE;
				GCC_WARN_UNUSED_FUNCTION = YES;
				GCC_WARN_UNUSED_VARIABLE = YES;
				IPHONEOS_DEPLOYMENT_TARGET = 15.4;
				MTL_ENABLE_DEBUG_INFO = INCLUDE_SOURCE;
				MTL_FAST_MATH = YES;
				ONLY_ACTIVE_ARCH = YES;
				SDKROOT = iphoneos;
				SWIFT_ACTIVE_COMPILATION_CONDITIONS = DEBUG;
				SWIFT_OPTIMIZATION_LEVEL = "-Onone";
			};
			name = Debug;
		};
		206E656D2820033F00BC4921 /* Release */ = {
			isa = XCBuildConfiguration;
			buildSettings = {
				ALWAYS_SEARCH_USER_PATHS = NO;
				CLANG_ANALYZER_NONNULL = YES;
				CLANG_ANALYZER_NUMBER_OBJECT_CONVERSION = YES_AGGRESSIVE;
				CLANG_CXX_LANGUAGE_STANDARD = "gnu++17";
				CLANG_ENABLE_MODULES = YES;
				CLANG_ENABLE_OBJC_ARC = YES;
				CLANG_ENABLE_OBJC_WEAK = YES;
				CLANG_WARN_BLOCK_CAPTURE_AUTORELEASING = YES;
				CLANG_WARN_BOOL_CONVERSION = YES;
				CLANG_WARN_COMMA = YES;
				CLANG_WARN_CONSTANT_CONVERSION = YES;
				CLANG_WARN_DEPRECATED_OBJC_IMPLEMENTATIONS = YES;
				CLANG_WARN_DIRECT_OBJC_ISA_USAGE = YES_ERROR;
				CLANG_WARN_DOCUMENTATION_COMMENTS = YES;
				CLANG_WARN_EMPTY_BODY = YES;
				CLANG_WARN_ENUM_CONVERSION = YES;
				CLANG_WARN_INFINITE_RECURSION = YES;
				CLANG_WARN_INT_CONVERSION = YES;
				CLANG_WARN_NON_LITERAL_NULL_CONVERSION = YES;
				CLANG_WARN_OBJC_IMPLICIT_RETAIN_SELF = YES;
				CLANG_WARN_OBJC_LITERAL_CONVERSION = YES;
				CLANG_WARN_OBJC_ROOT_CLASS = YES_ERROR;
				CLANG_WARN_QUOTED_INCLUDE_IN_FRAMEWORK_HEADER = YES;
				CLANG_WARN_RANGE_LOOP_ANALYSIS = YES;
				CLANG_WARN_STRICT_PROTOTYPES = YES;
				CLANG_WARN_SUSPICIOUS_MOVE = YES;
				CLANG_WARN_UNGUARDED_AVAILABILITY = YES_AGGRESSIVE;
				CLANG_WARN_UNREACHABLE_CODE = YES;
				CLANG_WARN__DUPLICATE_METHOD_MATCH = YES;
				COPY_PHASE_STRIP = NO;
				DEBUG_INFORMATION_FORMAT = "dwarf-with-dsym";
				ENABLE_NS_ASSERTIONS = NO;
				ENABLE_STRICT_OBJC_MSGSEND = YES;
				GCC_C_LANGUAGE_STANDARD = gnu11;
				GCC_NO_COMMON_BLOCKS = YES;
				GCC_WARN_64_TO_32_BIT_CONVERSION = YES;
				GCC_WARN_ABOUT_RETURN_TYPE = YES_ERROR;
				GCC_WARN_UNDECLARED_SELECTOR = YES;
				GCC_WARN_UNINITIALIZED_AUTOS = YES_AGGRESSIVE;
				GCC_WARN_UNUSED_FUNCTION = YES;
				GCC_WARN_UNUSED_VARIABLE = YES;
				IPHONEOS_DEPLOYMENT_TARGET = 15.4;
				MTL_ENABLE_DEBUG_INFO = NO;
				MTL_FAST_MATH = YES;
				SDKROOT = iphoneos;
				SWIFT_COMPILATION_MODE = wholemodule;
				SWIFT_OPTIMIZATION_LEVEL = "-O";
				VALIDATE_PRODUCT = YES;
			};
			name = Release;
		};
		206E656F2820033F00BC4921 /* Debug */ = {
			isa = XCBuildConfiguration;
			buildSettings = {
				ASSETCATALOG_COMPILER_APPICON_NAME = AppIcon;
				ASSETCATALOG_COMPILER_GLOBAL_ACCENT_COLOR_NAME = AccentColor;
				CODE_SIGN_STYLE = Automatic;
				CURRENT_PROJECT_VERSION = 1;
				DEVELOPMENT_TEAM = 7NV8TA385M;
				GENERATE_INFOPLIST_FILE = YES;
				INFOPLIST_FILE = DrivingHours/Info.plist;
				INFOPLIST_KEY_UIApplicationSupportsIndirectInputEvents = YES;
				INFOPLIST_KEY_UILaunchStoryboardName = LaunchScreen;
				INFOPLIST_KEY_UIMainStoryboardFile = Main;
				INFOPLIST_KEY_UISupportedInterfaceOrientations_iPad = "UIInterfaceOrientationPortrait UIInterfaceOrientationPortraitUpsideDown UIInterfaceOrientationLandscapeLeft UIInterfaceOrientationLandscapeRight";
				INFOPLIST_KEY_UISupportedInterfaceOrientations_iPhone = "UIInterfaceOrientationPortrait UIInterfaceOrientationLandscapeLeft UIInterfaceOrientationLandscapeRight";
				LD_RUNPATH_SEARCH_PATHS = (
					"$(inherited)",
					"@executable_path/Frameworks",
				);
				MARKETING_VERSION = 1.0;
				PRODUCT_BUNDLE_IDENTIFIER = "Mahad-Abdi.DrivingHours";
				PRODUCT_NAME = "$(TARGET_NAME)";
				SWIFT_EMIT_LOC_STRINGS = YES;
				SWIFT_VERSION = 5.0;
				TARGETED_DEVICE_FAMILY = "1,2";
			};
			name = Debug;
		};
		206E65702820033F00BC4921 /* Release */ = {
			isa = XCBuildConfiguration;
			buildSettings = {
				ASSETCATALOG_COMPILER_APPICON_NAME = AppIcon;
				ASSETCATALOG_COMPILER_GLOBAL_ACCENT_COLOR_NAME = AccentColor;
				CODE_SIGN_STYLE = Automatic;
				CURRENT_PROJECT_VERSION = 1;
				DEVELOPMENT_TEAM = 7NV8TA385M;
				GENERATE_INFOPLIST_FILE = YES;
				INFOPLIST_FILE = DrivingHours/Info.plist;
				INFOPLIST_KEY_UIApplicationSupportsIndirectInputEvents = YES;
				INFOPLIST_KEY_UILaunchStoryboardName = LaunchScreen;
				INFOPLIST_KEY_UIMainStoryboardFile = Main;
				INFOPLIST_KEY_UISupportedInterfaceOrientations_iPad = "UIInterfaceOrientationPortrait UIInterfaceOrientationPortraitUpsideDown UIInterfaceOrientationLandscapeLeft UIInterfaceOrientationLandscapeRight";
				INFOPLIST_KEY_UISupportedInterfaceOrientations_iPhone = "UIInterfaceOrientationPortrait UIInterfaceOrientationLandscapeLeft UIInterfaceOrientationLandscapeRight";
				LD_RUNPATH_SEARCH_PATHS = (
					"$(inherited)",
					"@executable_path/Frameworks",
				);
				MARKETING_VERSION = 1.0;
				PRODUCT_BUNDLE_IDENTIFIER = "Mahad-Abdi.DrivingHours";
				PRODUCT_NAME = "$(TARGET_NAME)";
				SWIFT_EMIT_LOC_STRINGS = YES;
				SWIFT_VERSION = 5.0;
				TARGETED_DEVICE_FAMILY = "1,2";
			};
			name = Release;
		};
/* End XCBuildConfiguration section */

/* Begin XCConfigurationList section */
		206E65552820033D00BC4921 /* Build configuration list for PBXProject "DrivingHours" */ = {
			isa = XCConfigurationList;
			buildConfigurations = (
				206E656C2820033F00BC4921 /* Debug */,
				206E656D2820033F00BC4921 /* Release */,
			);
			defaultConfigurationIsVisible = 0;
			defaultConfigurationName = Release;
		};
		206E656E2820033F00BC4921 /* Build configuration list for PBXNativeTarget "DrivingHours" */ = {
			isa = XCConfigurationList;
			buildConfigurations = (
				206E656F2820033F00BC4921 /* Debug */,
				206E65702820033F00BC4921 /* Release */,
			);
			defaultConfigurationIsVisible = 0;
			defaultConfigurationName = Release;
		};
/* End XCConfigurationList section */
	};
	rootObject = 206E65522820033D00BC4921 /* Project object */;
}
